
Microsoft Visual Studio Solution File, Format Version 12.00
# Visual Studio Version 17
VisualStudioVersion = 17.11.35312.102
MinimumVisualStudioVersion = 10.0.40219.1
Project("{FAE04EC0-301F-11D3-BF4B-00C04F79EFBC}") = "CineCordobaWebApi", "CineCordobaWebApi.csproj", "{86ED4052-2878-4EFC-A893-46720F8C9B93}"
EndProject
Global
	GlobalSection(SolutionConfigurationPlatforms) = preSolution
		Debug|Any CPU = Debug|Any CPU
		Release|Any CPU = Release|Any CPU
	EndGlobalSection
	GlobalSection(ProjectConfigurationPlatforms) = postSolution
		{86ED4052-2878-4EFC-A893-46720F8C9B93}.Debug|Any CPU.ActiveCfg = Debug|Any CPU
		{86ED4052-2878-4EFC-A893-46720F8C9B93}.Debug|Any CPU.Build.0 = Debug|Any CPU
		{86ED4052-2878-4EFC-A893-46720F8C9B93}.Release|Any CPU.ActiveCfg = Release|Any CPU
		{86ED4052-2878-4EFC-A893-46720F8C9B93}.Release|Any CPU.Build.0 = Release|Any CPU
	EndGlobalSection
	GlobalSection(SolutionProperties) = preSolution
		HideSolutionNode = FALSE
	EndGlobalSection
	GlobalSection(ExtensibilityGlobals) = postSolution
		SolutionGuid = {C9F7792A-113B-4B38-941F-E43FB4D7AEB7}
	EndGlobalSection
EndGlobal
